
Microsoft Visual Studio Solution File, Format Version 12.00
# Visual Studio Version 16
VisualStudioVersion = 16.0.29424.173
MinimumVisualStudioVersion = 10.0.40219.1
Project("{9A19103F-16F7-4668-BE54-9A1E7A4F7556}") = "PermissionsAttribute", "PermissionsAttribute\PermissionsAttribute.csproj", "{B6897B6D-10E2-4D7E-9045-79E7D41F430F}"
EndProject
Project("{FAE04EC0-301F-11D3-BF4B-00C04F79EFBC}") = "DataAccess", "DataAccess\DataAccess.csproj", "{74829FAA-2504-4F3D-96F3-47FB7A3A909A}"
EndProject
Global
	GlobalSection(SolutionConfigurationPlatforms) = preSolution
		Debug|Any CPU = Debug|Any CPU
		Release|Any CPU = Release|Any CPU
	EndGlobalSection
	GlobalSection(ProjectConfigurationPlatforms) = postSolution
		{B6897B6D-10E2-4D7E-9045-79E7D41F430F}.Debug|Any CPU.ActiveCfg = Debug|Any CPU
		{B6897B6D-10E2-4D7E-9045-79E7D41F430F}.Debug|Any CPU.Build.0 = Debug|Any CPU
		{B6897B6D-10E2-4D7E-9045-79E7D41F430F}.Release|Any CPU.ActiveCfg = Release|Any CPU
		{B6897B6D-10E2-4D7E-9045-79E7D41F430F}.Release|Any CPU.Build.0 = Release|Any CPU
		{74829FAA-2504-4F3D-96F3-47FB7A3A909A}.Debug|Any CPU.ActiveCfg = Debug|Any CPU
		{74829FAA-2504-4F3D-96F3-47FB7A3A909A}.Debug|Any CPU.Build.0 = Debug|Any CPU
		{74829FAA-2504-4F3D-96F3-47FB7A3A909A}.Release|Any CPU.ActiveCfg = Release|Any CPU
		{74829FAA-2504-4F3D-96F3-47FB7A3A909A}.Release|Any CPU.Build.0 = Release|Any CPU
	EndGlobalSection
	GlobalSection(SolutionProperties) = preSolution
		HideSolutionNode = FALSE
	EndGlobalSection
	GlobalSection(ExtensibilityGlobals) = postSolution
		SolutionGuid = {55366D0C-5178-4007-B0DB-3E4C1A4CB7BE}
	EndGlobalSection
EndGlobal
